# THIS IS AN AUTOGENERATED FILE. DO NOT EDIT THIS FILE DIRECTLY.
# yarn lockfile v1


grey-heartbeat@^1.0.0:
  version "1.0.0"
  resolved "https://registry.yarnpkg.com/grey-heartbeat/-/grey-heartbeat-1.0.0.tgz#6a172132a1fb5eb4abf58ef273835b2f99d02bf6"
  dependencies:
    grey-message "^1.0.0"

grey-message@^1.0.0:
  version "1.0.0"
  resolved "https://registry.yarnpkg.com/grey-message/-/grey-message-1.0.0.tgz#cba4281a969069b247e830537b916b249ee84907"
